
Microsoft Visual Studio Solution File, Format Version 12.00
Project("{FAE04EC0-301F-11D3-BF4B-00C04F79EFBC}") = "DLatyshko", "DLatyshko\DLatyshko.csproj", "{9BE49237-7918-4E50-960F-84CFA3AA4020}"
EndProject
Global
	GlobalSection(SolutionConfigurationPlatforms) = preSolution
		Debug|Any CPU = Debug|Any CPU
		Release|Any CPU = Release|Any CPU
	EndGlobalSection
	GlobalSection(ProjectConfigurationPlatforms) = postSolution
		{9BE49237-7918-4E50-960F-84CFA3AA4020}.Debug|Any CPU.ActiveCfg = Debug|Any CPU
		{9BE49237-7918-4E50-960F-84CFA3AA4020}.Debug|Any CPU.Build.0 = Debug|Any CPU
		{9BE49237-7918-4E50-960F-84CFA3AA4020}.Release|Any CPU.ActiveCfg = Release|Any CPU
		{9BE49237-7918-4E50-960F-84CFA3AA4020}.Release|Any CPU.Build.0 = Release|Any CPU
	EndGlobalSection
EndGlobal
